
Microsoft Visual Studio Solution File, Format Version 12.00
# Visual Studio Version 16
VisualStudioVersion = 16.0.31205.134
MinimumVisualStudioVersion = 10.0.40219.1
Project("{FAE04EC0-301F-11D3-BF4B-00C04F79EFBC}") = "FlusWeb", "FlusWeb.csproj", "{375EF6EC-14D0-46E2-BE52-74FCF7E0675D}"
EndProject
Global
	GlobalSection(SolutionConfigurationPlatforms) = preSolution
		Debug|Any CPU = Debug|Any CPU
		Release|Any CPU = Release|Any CPU
	EndGlobalSection
	GlobalSection(ProjectConfigurationPlatforms) = postSolution
		{375EF6EC-14D0-46E2-BE52-74FCF7E0675D}.Debug|Any CPU.ActiveCfg = Debug|Any CPU
		{375EF6EC-14D0-46E2-BE52-74FCF7E0675D}.Debug|Any CPU.Build.0 = Debug|Any CPU
		{375EF6EC-14D0-46E2-BE52-74FCF7E0675D}.Release|Any CPU.ActiveCfg = Release|Any CPU
		{375EF6EC-14D0-46E2-BE52-74FCF7E0675D}.Release|Any CPU.Build.0 = Release|Any CPU
	EndGlobalSection
	GlobalSection(SolutionProperties) = preSolution
		HideSolutionNode = FALSE
	EndGlobalSection
	GlobalSection(ExtensibilityGlobals) = postSolution
		SolutionGuid = {430E663F-240B-44E8-9F0D-64E3B416FE8D}
	EndGlobalSection
EndGlobal
