
Microsoft Visual Studio Solution File, Format Version 12.00
# Visual Studio Version 16
VisualStudioVersion = 16.0.31313.79
MinimumVisualStudioVersion = 10.0.40219.1
Project("{FAE04EC0-301F-11D3-BF4B-00C04F79EFBC}") = "FlusBankWeb", "FlusBankWeb.csproj", "{3C7AC185-F566-49FA-896E-8E911EA7668A}"
EndProject
Project("{FAE04EC0-301F-11D3-BF4B-00C04F79EFBC}") = "DataFlus", "..\DataFlus\DataFlus.csproj", "{4B54E713-4C4E-42EE-98B4-CE5CA56AC977}"
EndProject
Project("{FAE04EC0-301F-11D3-BF4B-00C04F79EFBC}") = "BusinessFlus", "..\BusinessFlus\BusinessFlus.csproj", "{430EEB30-027A-47E8-8566-E8062116137A}"
EndProject
Project("{FAE04EC0-301F-11D3-BF4B-00C04F79EFBC}") = "EntityFlus", "..\EntityFlus\EntityFlus.csproj", "{7FF27029-F210-4F45-BEE5-ED9D00DAD3FA}"
EndProject
Global
	GlobalSection(SolutionConfigurationPlatforms) = preSolution
		Debug|Any CPU = Debug|Any CPU
		Release|Any CPU = Release|Any CPU
	EndGlobalSection
	GlobalSection(ProjectConfigurationPlatforms) = postSolution
		{3C7AC185-F566-49FA-896E-8E911EA7668A}.Debug|Any CPU.ActiveCfg = Debug|Any CPU
		{3C7AC185-F566-49FA-896E-8E911EA7668A}.Debug|Any CPU.Build.0 = Debug|Any CPU
		{3C7AC185-F566-49FA-896E-8E911EA7668A}.Release|Any CPU.ActiveCfg = Release|Any CPU
		{3C7AC185-F566-49FA-896E-8E911EA7668A}.Release|Any CPU.Build.0 = Release|Any CPU
		{4B54E713-4C4E-42EE-98B4-CE5CA56AC977}.Debug|Any CPU.ActiveCfg = Debug|Any CPU
		{4B54E713-4C4E-42EE-98B4-CE5CA56AC977}.Debug|Any CPU.Build.0 = Debug|Any CPU
		{4B54E713-4C4E-42EE-98B4-CE5CA56AC977}.Release|Any CPU.ActiveCfg = Release|Any CPU
		{4B54E713-4C4E-42EE-98B4-CE5CA56AC977}.Release|Any CPU.Build.0 = Release|Any CPU
		{430EEB30-027A-47E8-8566-E8062116137A}.Debug|Any CPU.ActiveCfg = Debug|Any CPU
		{430EEB30-027A-47E8-8566-E8062116137A}.Debug|Any CPU.Build.0 = Debug|Any CPU
		{430EEB30-027A-47E8-8566-E8062116137A}.Release|Any CPU.ActiveCfg = Release|Any CPU
		{430EEB30-027A-47E8-8566-E8062116137A}.Release|Any CPU.Build.0 = Release|Any CPU
		{7FF27029-F210-4F45-BEE5-ED9D00DAD3FA}.Debug|Any CPU.ActiveCfg = Debug|Any CPU
		{7FF27029-F210-4F45-BEE5-ED9D00DAD3FA}.Debug|Any CPU.Build.0 = Debug|Any CPU
		{7FF27029-F210-4F45-BEE5-ED9D00DAD3FA}.Release|Any CPU.ActiveCfg = Release|Any CPU
		{7FF27029-F210-4F45-BEE5-ED9D00DAD3FA}.Release|Any CPU.Build.0 = Release|Any CPU
	EndGlobalSection
	GlobalSection(SolutionProperties) = preSolution
		HideSolutionNode = FALSE
	EndGlobalSection
	GlobalSection(ExtensibilityGlobals) = postSolution
		SolutionGuid = {98EB7C17-1A1B-4B01-9F28-76E8A3A7B412}
	EndGlobalSection
EndGlobal
